<?xml version="1.0" encoding="utf-8"?>
<Project ToolsVersion="4.0" xmlns="http://schemas.microsoft.com/developer/msbuild/2003">
  <ItemGroup>
    <Filter Include="helper">
      <UniqueIdentifier>{93995380-89BD-4b04-88EB-625FBE52EBFB}</UniqueIdentifier>
      <Extensions>h;hpp;hxx;hm;inl;inc;xsd</Extensions>
    </Filter>
    <Filter Include="model">
      <UniqueIdentifier>{4FC737F1-C7A5-4376-A066-2A32D752A2FF}</UniqueIdentifier>
      <Extensions>cpp;c;cc;cxx;def;odl;idl;hpj;bat;asm;asmx</Extensions>
    </Filter>
  </ItemGroup>
  <ItemGroup>
    <ClCompile Include="..\ns-3\src\sixlowpan\model\sixlowpan-header.cc">
      <Filter>model</Filter>
    </ClCompile>
    <ClCompile Include="..\ns-3\src\sixlowpan\model\sixlowpan-net-device.cc">
      <Filter>model</Filter>
    </ClCompile>
    <ClCompile Include="..\ns-3\src\sixlowpan\helper\sixlowpan-helper.cc">
      <Filter>helper</Filter>
    </ClCompile>
  </ItemGroup>
  <ItemGroup>
    <ClInclude Include="..\ns-3\src\sixlowpan\model\sixlowpan-header.h">
      <Filter>model</Filter>
    </ClInclude>
    <ClInclude Include="..\ns-3\src\sixlowpan\model\sixlowpan-net-device.h">
      <Filter>model</Filter>
    </ClInclude>
    <ClInclude Include="..\ns-3\src\sixlowpan\helper\sixlowpan-helper.h">
      <Filter>helper</Filter>
    </ClInclude>
  </ItemGroup>
</Project>