<?xml version="1.0" encoding="utf-8"?>
<Project ToolsVersion="4.0" xmlns="http://schemas.microsoft.com/developer/msbuild/2003">
  <ItemGroup>
    <Filter Include="model">
      <UniqueIdentifier>{8e6fdd68-7f9a-463c-9482-2005dc8a65e0}</UniqueIdentifier>
    </Filter>
    <Filter Include="helper">
      <UniqueIdentifier>{e48830ed-bf0f-4e75-8d13-d3fa75e22939}</UniqueIdentifier>
    </Filter>
  </ItemGroup>
  <ItemGroup>
    <ClInclude Include="..\ns-3\src\stats\model\average.h">
      <Filter>model</Filter>
    </ClInclude>
    <ClInclude Include="..\ns-3\src\stats\model\basic-data-calculators.h">
      <Filter>model</Filter>
    </ClInclude>
    <ClInclude Include="..\ns-3\src\stats\model\boolean-probe.h">
      <Filter>model</Filter>
    </ClInclude>
    <ClInclude Include="..\ns-3\src\stats\model\data-calculator.h">
      <Filter>model</Filter>
    </ClInclude>
    <ClInclude Include="..\ns-3\src\stats\model\data-collection-object.h">
      <Filter>model</Filter>
    </ClInclude>
    <ClInclude Include="..\ns-3\src\stats\model\data-collector.h">
      <Filter>model</Filter>
    </ClInclude>
    <ClInclude Include="..\ns-3\src\stats\model\data-output-interface.h">
      <Filter>model</Filter>
    </ClInclude>
    <ClInclude Include="..\ns-3\src\stats\model\double-probe.h">
      <Filter>model</Filter>
    </ClInclude>
    <ClInclude Include="..\ns-3\src\stats\model\file-aggregator.h">
      <Filter>model</Filter>
    </ClInclude>
    <ClInclude Include="..\ns-3\src\stats\model\get-wildcard-matches.h">
      <Filter>model</Filter>
    </ClInclude>
    <ClInclude Include="..\ns-3\src\stats\model\gnuplot.h">
      <Filter>model</Filter>
    </ClInclude>
    <ClInclude Include="..\ns-3\src\stats\model\gnuplot-aggregator.h">
      <Filter>model</Filter>
    </ClInclude>
    <ClInclude Include="..\ns-3\src\stats\model\omnet-data-output.h">
      <Filter>model</Filter>
    </ClInclude>
    <ClInclude Include="..\ns-3\src\stats\model\probe.h">
      <Filter>model</Filter>
    </ClInclude>
    <ClInclude Include="..\ns-3\src\stats\model\sqlite-data-output.h">
      <Filter>model</Filter>
    </ClInclude>
    <ClInclude Include="..\ns-3\src\stats\model\stats.h">
      <Filter>model</Filter>
    </ClInclude>
    <ClInclude Include="..\ns-3\src\stats\model\time-data-calculators.h">
      <Filter>model</Filter>
    </ClInclude>
    <ClInclude Include="..\ns-3\src\stats\model\time-probe.h">
      <Filter>model</Filter>
    </ClInclude>
    <ClInclude Include="..\ns-3\src\stats\model\time-series-adaptor.h">
      <Filter>model</Filter>
    </ClInclude>
    <ClInclude Include="..\ns-3\src\stats\model\uinteger-8-probe.h">
      <Filter>model</Filter>
    </ClInclude>
    <ClInclude Include="..\ns-3\src\stats\model\uinteger-16-probe.h">
      <Filter>model</Filter>
    </ClInclude>
    <ClInclude Include="..\ns-3\src\stats\model\uinteger-32-probe.h">
      <Filter>model</Filter>
    </ClInclude>
    <ClInclude Include="..\ns-3\src\stats\helper\file-helper.h">
      <Filter>helper</Filter>
    </ClInclude>
    <ClInclude Include="..\ns-3\src\stats\helper\gnuplot-helper.h">
      <Filter>helper</Filter>
    </ClInclude>
  </ItemGroup>
  <ItemGroup>
    <ClCompile Include="..\ns-3\src\stats\model\boolean-probe.cc">
      <Filter>model</Filter>
    </ClCompile>
    <ClCompile Include="..\ns-3\src\stats\model\data-calculator.cc">
      <Filter>model</Filter>
    </ClCompile>
    <ClCompile Include="..\ns-3\src\stats\model\data-collection-object.cc">
      <Filter>model</Filter>
    </ClCompile>
    <ClCompile Include="..\ns-3\src\stats\model\data-collector.cc">
      <Filter>model</Filter>
    </ClCompile>
    <ClCompile Include="..\ns-3\src\stats\model\data-output-interface.cc">
      <Filter>model</Filter>
    </ClCompile>
    <ClCompile Include="..\ns-3\src\stats\model\double-probe.cc">
      <Filter>model</Filter>
    </ClCompile>
    <ClCompile Include="..\ns-3\src\stats\model\file-aggregator.cc">
      <Filter>model</Filter>
    </ClCompile>
    <ClCompile Include="..\ns-3\src\stats\model\get-wildcard-matches.cc">
      <Filter>model</Filter>
    </ClCompile>
    <ClCompile Include="..\ns-3\src\stats\model\gnuplot.cc">
      <Filter>model</Filter>
    </ClCompile>
    <ClCompile Include="..\ns-3\src\stats\model\gnuplot-aggregator.cc">
      <Filter>model</Filter>
    </ClCompile>
    <ClCompile Include="..\ns-3\src\stats\model\omnet-data-output.cc">
      <Filter>model</Filter>
    </ClCompile>
    <ClCompile Include="..\ns-3\src\stats\model\probe.cc">
      <Filter>model</Filter>
    </ClCompile>
    <ClCompile Include="..\ns-3\src\stats\model\sqlite-data-output.cc">
      <Filter>model</Filter>
    </ClCompile>
    <ClCompile Include="..\ns-3\src\stats\model\time-data-calculators.cc">
      <Filter>model</Filter>
    </ClCompile>
    <ClCompile Include="..\ns-3\src\stats\model\time-probe.cc">
      <Filter>model</Filter>
    </ClCompile>
    <ClCompile Include="..\ns-3\src\stats\model\time-series-adaptor.cc">
      <Filter>model</Filter>
    </ClCompile>
    <ClCompile Include="..\ns-3\src\stats\model\uinteger-8-probe.cc">
      <Filter>model</Filter>
    </ClCompile>
    <ClCompile Include="..\ns-3\src\stats\model\uinteger-16-probe.cc">
      <Filter>model</Filter>
    </ClCompile>
    <ClCompile Include="..\ns-3\src\stats\model\uinteger-32-probe.cc">
      <Filter>model</Filter>
    </ClCompile>
    <ClCompile Include="..\ns-3\src\stats\helper\file-helper.cc">
      <Filter>helper</Filter>
    </ClCompile>
    <ClCompile Include="..\ns-3\src\stats\helper\gnuplot-helper.cc">
      <Filter>helper</Filter>
    </ClCompile>
  </ItemGroup>
</Project>